// !$*UTF8*$!
{
	archiveVersion = 1;
	classes = {
	};
	objectVersion = 56;
	objects = {

/* Begin PBXBuildFile section */
		8ED44C492DFC1C4C0035D423 /* YaschoolApp.swift in Sources */ = {isa = PBXBuildFile; fileRef = 8ED44C482DFC1C4C0035D423 /* YaschoolApp.swift */; };
		8ED44C4B2DFC1C4C0035D423 /* ContentView.swift in Sources */ = {isa = PBXBuildFile; fileRef = 8ED44C4A2DFC1C4C0035D423 /* ContentView.swift */; };
		8ED44C4D2DFC1C4F0035D423 /* Assets.xcassets in Resources */ = {isa = PBXBuildFile; fileRef = 8ED44C4C2DFC1C4F0035D423 /* Assets.xcassets */; };
		8ED44C502DFC1C4F0035D423 /* Preview Assets.xcassets in Resources */ = {isa = PBXBuildFile; fileRef = 8ED44C4F2DFC1C4F0035D423 /* Preview Assets.xcassets */; };
		8ED44C5A2DFC1C500035D423 /* YaschoolTests.swift in Sources */ = {isa = PBXBuildFile; fileRef = 8ED44C592DFC1C500035D423 /* YaschoolTests.swift */; };
		8ED44C642DFC1C500035D423 /* YaschoolUITests.swift in Sources */ = {isa = PBXBuildFile; fileRef = 8ED44C632DFC1C500035D423 /* YaschoolUITests.swift */; };
		8ED44C662DFC1C500035D423 /* YaschoolUITestsLaunchTests.swift in Sources */ = {isa = PBXBuildFile; fileRef = 8ED44C652DFC1C500035D423 /* YaschoolUITestsLaunchTests.swift */; };
		8ED44C762DFC1DFD0035D423 /* BankAccount.swift in Sources */ = {isa = PBXBuildFile; fileRef = 8ED44C732DFC1DFD0035D423 /* BankAccount.swift */; };
		8ED44C772DFC1DFD0035D423 /* Category.swift in Sources */ = {isa = PBXBuildFile; fileRef = 8ED44C742DFC1DFD0035D423 /* Category.swift */; };
		8ED44C782DFC1DFD0035D423 /* Transaction.swift in Sources */ = {isa = PBXBuildFile; fileRef = 8ED44C752DFC1DFD0035D423 /* Transaction.swift */; };
		8ED44C7C2DFC1E0F0035D423 /* Transaction+JSON.swift in Sources */ = {isa = PBXBuildFile; fileRef = 8ED44C7A2DFC1E0F0035D423 /* Transaction+JSON.swift */; };
		8ED44C7D2DFC1E0F0035D423 /* Transaction+CSV.swift in Sources */ = {isa = PBXBuildFile; fileRef = 8ED44C7B2DFC1E0F0035D423 /* Transaction+CSV.swift */; };
		8ED44C822DFC1E210035D423 /* BankAccountsService.swift in Sources */ = {isa = PBXBuildFile; fileRef = 8ED44C7F2DFC1E210035D423 /* BankAccountsService.swift */; };
		8ED44C832DFC1E210035D423 /* TransactionsService.swift in Sources */ = {isa = PBXBuildFile; fileRef = 8ED44C802DFC1E210035D423 /* TransactionsService.swift */; };
		8ED44C842DFC1E210035D423 /* CategoriesService.swift in Sources */ = {isa = PBXBuildFile; fileRef = 8ED44C812DFC1E210035D423 /* CategoriesService.swift */; };
		8ED44C872DFC1E2C0035D423 /* TransactionsFileCache.swift in Sources */ = {isa = PBXBuildFile; fileRef = 8ED44C862DFC1E2C0035D423 /* TransactionsFileCache.swift */; };
		8ED44C892DFC242A0035D423 /* Category+CSV.swift in Sources */ = {isa = PBXBuildFile; fileRef = 8ED44C882DFC242A0035D423 /* Category+CSV.swift */; };
		8ED44C8B2DFC30F80035D423 /* Category+JSON.swift in Sources */ = {isa = PBXBuildFile; fileRef = 8ED44C8A2DFC30F80035D423 /* Category+JSON.swift */; };
		8ED44C8D2DFC94650035D423 /* TransactionParsingTests.swift in Sources */ = {isa = PBXBuildFile; fileRef = 8ED44C8C2DFC94650035D423 /* TransactionParsingTests.swift */; };
/* End PBXBuildFile section */

/* Begin PBXContainerItemProxy section */
		8ED44C562DFC1C500035D423 /* PBXContainerItemProxy */ = {
			isa = PBXContainerItemProxy;
			containerPortal = 8ED44C3D2DFC1C4C0035D423 /* Project object */;
			proxyType = 1;
			remoteGlobalIDString = 8ED44C442DFC1C4C0035D423;
			remoteInfo = Yaschool;
		};
		8ED44C602DFC1C500035D423 /* PBXContainerItemProxy */ = {
			isa = PBXContainerItemProxy;
			containerPortal = 8ED44C3D2DFC1C4C0035D423 /* Project object */;
			proxyType = 1;
			remoteGlobalIDString = 8ED44C442DFC1C4C0035D423;
			remoteInfo = Yaschool;
		};
/* End PBXContainerItemProxy section */

/* Begin PBXFileReference section */
		8ED44C452DFC1C4C0035D423 /* Yaschool.app */ = {isa = PBXFileReference; explicitFileType = wrapper.application; includeInIndex = 0; path = Yaschool.app; sourceTree = BUILT_PRODUCTS_DIR; };
		8ED44C482DFC1C4C0035D423 /* YaschoolApp.swift */ = {isa = PBXFileReference; lastKnownFileType = sourcecode.swift; path = YaschoolApp.swift; sourceTree = "<group>"; };
		8ED44C4A2DFC1C4C0035D423 /* ContentView.swift */ = {isa = PBXFileReference; lastKnownFileType = sourcecode.swift; path = ContentView.swift; sourceTree = "<group>"; };
		8ED44C4C2DFC1C4F0035D423 /* Assets.xcassets */ = {isa = PBXFileReference; lastKnownFileType = folder.assetcatalog; path = Assets.xcassets; sourceTree = "<group>"; };
		8ED44C4F2DFC1C4F0035D423 /* Preview Assets.xcassets */ = {isa = PBXFileReference; lastKnownFileType = folder.assetcatalog; path = "Preview Assets.xcassets"; sourceTree = "<group>"; };
		8ED44C552DFC1C500035D423 /* YaschoolTests.xctest */ = {isa = PBXFileReference; explicitFileType = wrapper.cfbundle; includeInIndex = 0; path = YaschoolTests.xctest; sourceTree = BUILT_PRODUCTS_DIR; };
		8ED44C592DFC1C500035D423 /* YaschoolTests.swift */ = {isa = PBXFileReference; lastKnownFileType = sourcecode.swift; path = YaschoolTests.swift; sourceTree = "<group>"; };
		8ED44C5F2DFC1C500035D423 /* YaschoolUITests.xctest */ = {isa = PBXFileReference; explicitFileType = wrapper.cfbundle; includeInIndex = 0; path = YaschoolUITests.xctest; sourceTree = BUILT_PRODUCTS_DIR; };
		8ED44C632DFC1C500035D423 /* YaschoolUITests.swift */ = {isa = PBXFileReference; lastKnownFileType = sourcecode.swift; path = YaschoolUITests.swift; sourceTree = "<group>"; };
		8ED44C652DFC1C500035D423 /* YaschoolUITestsLaunchTests.swift */ = {isa = PBXFileReference; lastKnownFileType = sourcecode.swift; path = YaschoolUITestsLaunchTests.swift; sourceTree = "<group>"; };
		8ED44C732DFC1DFD0035D423 /* BankAccount.swift */ = {isa = PBXFileReference; fileEncoding = 4; lastKnownFileType = sourcecode.swift; path = BankAccount.swift; sourceTree = "<group>"; };
		8ED44C742DFC1DFD0035D423 /* Category.swift */ = {isa = PBXFileReference; fileEncoding = 4; lastKnownFileType = sourcecode.swift; path = Category.swift; sourceTree = "<group>"; };
		8ED44C752DFC1DFD0035D423 /* Transaction.swift */ = {isa = PBXFileReference; fileEncoding = 4; lastKnownFileType = sourcecode.swift; path = Transaction.swift; sourceTree = "<group>"; };
		8ED44C7A2DFC1E0F0035D423 /* Transaction+JSON.swift */ = {isa = PBXFileReference; fileEncoding = 4; lastKnownFileType = sourcecode.swift; path = "Transaction+JSON.swift"; sourceTree = "<group>"; };
		8ED44C7B2DFC1E0F0035D423 /* Transaction+CSV.swift */ = {isa = PBXFileReference; fileEncoding = 4; lastKnownFileType = sourcecode.swift; path = "Transaction+CSV.swift"; sourceTree = "<group>"; };
		8ED44C7F2DFC1E210035D423 /* BankAccountsService.swift */ = {isa = PBXFileReference; fileEncoding = 4; lastKnownFileType = sourcecode.swift; path = BankAccountsService.swift; sourceTree = "<group>"; };
		8ED44C802DFC1E210035D423 /* TransactionsService.swift */ = {isa = PBXFileReference; fileEncoding = 4; lastKnownFileType = sourcecode.swift; path = TransactionsService.swift; sourceTree = "<group>"; };
		8ED44C812DFC1E210035D423 /* CategoriesService.swift */ = {isa = PBXFileReference; fileEncoding = 4; lastKnownFileType = sourcecode.swift; path = CategoriesService.swift; sourceTree = "<group>"; };
		8ED44C862DFC1E2C0035D423 /* TransactionsFileCache.swift */ = {isa = PBXFileReference; fileEncoding = 4; lastKnownFileType = sourcecode.swift; path = TransactionsFileCache.swift; sourceTree = "<group>"; };
		8ED44C882DFC242A0035D423 /* Category+CSV.swift */ = {isa = PBXFileReference; lastKnownFileType = sourcecode.swift; path = "Category+CSV.swift"; sourceTree = "<group>"; };
		8ED44C8A2DFC30F80035D423 /* Category+JSON.swift */ = {isa = PBXFileReference; lastKnownFileType = sourcecode.swift; path = "Category+JSON.swift"; sourceTree = "<group>"; };
		8ED44C8C2DFC94650035D423 /* TransactionParsingTests.swift */ = {isa = PBXFileReference; lastKnownFileType = sourcecode.swift; path = TransactionParsingTests.swift; sourceTree = "<group>"; };
/* End PBXFileReference section */

/* Begin PBXFrameworksBuildPhase section */
		8ED44C422DFC1C4C0035D423 /* Frameworks */ = {
			isa = PBXFrameworksBuildPhase;
			buildActionMask = 2147483647;
			files = (
			);
			runOnlyForDeploymentPostprocessing = 0;
		};
		8ED44C522DFC1C500035D423 /* Frameworks */ = {
			isa = PBXFrameworksBuildPhase;
			buildActionMask = 2147483647;
			files = (
			);
			runOnlyForDeploymentPostprocessing = 0;
		};
		8ED44C5C2DFC1C500035D423 /* Frameworks */ = {
			isa = PBXFrameworksBuildPhase;
			buildActionMask = 2147483647;
			files = (
			);
			runOnlyForDeploymentPostprocessing = 0;
		};
/* End PBXFrameworksBuildPhase section */

/* Begin PBXGroup section */
		8ED44C3C2DFC1C4C0035D423 = {
			isa = PBXGroup;
			children = (
				8ED44C472DFC1C4C0035D423 /* Yaschool */,
				8ED44C582DFC1C500035D423 /* YaschoolTests */,
				8ED44C622DFC1C500035D423 /* YaschoolUITests */,
				8ED44C462DFC1C4C0035D423 /* Products */,
			);
			sourceTree = "<group>";
		};
		8ED44C462DFC1C4C0035D423 /* Products */ = {
			isa = PBXGroup;
			children = (
				8ED44C452DFC1C4C0035D423 /* Yaschool.app */,
				8ED44C552DFC1C500035D423 /* YaschoolTests.xctest */,
				8ED44C5F2DFC1C500035D423 /* YaschoolUITests.xctest */,
			);
			name = Products;
			sourceTree = "<group>";
		};
		8ED44C472DFC1C4C0035D423 /* Yaschool */ = {
			isa = PBXGroup;
			children = (
				8ED44C4A2DFC1C4C0035D423 /* ContentView.swift */,
				8ED44C482DFC1C4C0035D423 /* YaschoolApp.swift */,
				8ED44C4C2DFC1C4F0035D423 /* Assets.xcassets */,
				8ED44C852DFC1E2C0035D423 /* Cache */,
				8ED44C792DFC1E0F0035D423 /* Extensions */,
				8ED44C722DFC1DFD0035D423 /* Models */,
				8ED44C4E2DFC1C4F0035D423 /* Preview Content */,
				8ED44C7E2DFC1E210035D423 /* Services */,
			);
			path = Yaschool;
			sourceTree = "<group>";
		};
		8ED44C4E2DFC1C4F0035D423 /* Preview Content */ = {
			isa = PBXGroup;
			children = (
				8ED44C4F2DFC1C4F0035D423 /* Preview Assets.xcassets */,
			);
			path = "Preview Content";
			sourceTree = "<group>";
		};
		8ED44C582DFC1C500035D423 /* YaschoolTests */ = {
			isa = PBXGroup;
			children = (
				8ED44C592DFC1C500035D423 /* YaschoolTests.swift */,
				8ED44C8C2DFC94650035D423 /* TransactionParsingTests.swift */,
			);
			path = YaschoolTests;
			sourceTree = "<group>";
		};
		8ED44C622DFC1C500035D423 /* YaschoolUITests */ = {
			isa = PBXGroup;
			children = (
				8ED44C632DFC1C500035D423 /* YaschoolUITests.swift */,
				8ED44C652DFC1C500035D423 /* YaschoolUITestsLaunchTests.swift */,
			);
			path = YaschoolUITests;
			sourceTree = "<group>";
		};
		8ED44C722DFC1DFD0035D423 /* Models */ = {
			isa = PBXGroup;
			children = (
				8ED44C732DFC1DFD0035D423 /* BankAccount.swift */,
				8ED44C742DFC1DFD0035D423 /* Category.swift */,
				8ED44C752DFC1DFD0035D423 /* Transaction.swift */,
			);
			path = Models;
			sourceTree = "<group>";
		};
		8ED44C792DFC1E0F0035D423 /* Extensions */ = {
			isa = PBXGroup;
			children = (
				8ED44C882DFC242A0035D423 /* Category+CSV.swift */,
				8ED44C8A2DFC30F80035D423 /* Category+JSON.swift */,
				8ED44C7B2DFC1E0F0035D423 /* Transaction+CSV.swift */,
				8ED44C7A2DFC1E0F0035D423 /* Transaction+JSON.swift */,
			);
			path = Extensions;
			sourceTree = "<group>";
		};
		8ED44C7E2DFC1E210035D423 /* Services */ = {
			isa = PBXGroup;
			children = (
				8ED44C7F2DFC1E210035D423 /* BankAccountsService.swift */,
				8ED44C802DFC1E210035D423 /* TransactionsService.swift */,
				8ED44C812DFC1E210035D423 /* CategoriesService.swift */,
			);
			path = Services;
			sourceTree = "<group>";
		};
		8ED44C852DFC1E2C0035D423 /* Cache */ = {
			isa = PBXGroup;
			children = (
				8ED44C862DFC1E2C0035D423 /* TransactionsFileCache.swift */,
			);
			path = Cache;
			sourceTree = "<group>";
		};
/* End PBXGroup section */

/* Begin PBXNativeTarget section */
		8ED44C442DFC1C4C0035D423 /* Yaschool */ = {
			isa = PBXNativeTarget;
			buildConfigurationList = 8ED44C692DFC1C500035D423 /* Build configuration list for PBXNativeTarget "Yaschool" */;
			buildPhases = (
				8ED44C412DFC1C4C0035D423 /* Sources */,
				8ED44C422DFC1C4C0035D423 /* Frameworks */,
				8ED44C432DFC1C4C0035D423 /* Resources */,
			);
			buildRules = (
			);
			dependencies = (
			);
			name = Yaschool;
			productName = Yaschool;
			productReference = 8ED44C452DFC1C4C0035D423 /* Yaschool.app */;
			productType = "com.apple.product-type.application";
		};
		8ED44C542DFC1C500035D423 /* YaschoolTests */ = {
			isa = PBXNativeTarget;
			buildConfigurationList = 8ED44C6C2DFC1C500035D423 /* Build configuration list for PBXNativeTarget "YaschoolTests" */;
			buildPhases = (
				8ED44C512DFC1C500035D423 /* Sources */,
				8ED44C522DFC1C500035D423 /* Frameworks */,
				8ED44C532DFC1C500035D423 /* Resources */,
			);
			buildRules = (
			);
			dependencies = (
				8ED44C572DFC1C500035D423 /* PBXTargetDependency */,
			);
			name = YaschoolTests;
			productName = YaschoolTests;
			productReference = 8ED44C552DFC1C500035D423 /* YaschoolTests.xctest */;
			productType = "com.apple.product-type.bundle.unit-test";
		};
		8ED44C5E2DFC1C500035D423 /* YaschoolUITests */ = {
			isa = PBXNativeTarget;
			buildConfigurationList = 8ED44C6F2DFC1C500035D423 /* Build configuration list for PBXNativeTarget "YaschoolUITests" */;
			buildPhases = (
				8ED44C5B2DFC1C500035D423 /* Sources */,
				8ED44C5C2DFC1C500035D423 /* Frameworks */,
				8ED44C5D2DFC1C500035D423 /* Resources */,
			);
			buildRules = (
			);
			dependencies = (
				8ED44C612DFC1C500035D423 /* PBXTargetDependency */,
			);
			name = YaschoolUITests;
			productName = YaschoolUITests;
			productReference = 8ED44C5F2DFC1C500035D423 /* YaschoolUITests.xctest */;
			productType = "com.apple.product-type.bundle.ui-testing";
		};
/* End PBXNativeTarget section */

/* Begin PBXProject section */
		8ED44C3D2DFC1C4C0035D423 /* Project object */ = {
			isa = PBXProject;
			attributes = {
				BuildIndependentTargetsInParallel = 1;
				LastSwiftUpdateCheck = 1520;
				LastUpgradeCheck = 1520;
				TargetAttributes = {
					8ED44C442DFC1C4C0035D423 = {
						CreatedOnToolsVersion = 15.2;
					};
					8ED44C542DFC1C500035D423 = {
						CreatedOnToolsVersion = 15.2;
						TestTargetID = 8ED44C442DFC1C4C0035D423;
					};
					8ED44C5E2DFC1C500035D423 = {
						CreatedOnToolsVersion = 15.2;
						TestTargetID = 8ED44C442DFC1C4C0035D423;
					};
				};
			};
			buildConfigurationList = 8ED44C402DFC1C4C0035D423 /* Build configuration list for PBXProject "Yaschool" */;
			compatibilityVersion = "Xcode 14.0";
			developmentRegion = en;
			hasScannedForEncodings = 0;
			knownRegions = (
				en,
				Base,
			);
			mainGroup = 8ED44C3C2DFC1C4C0035D423;
			productRefGroup = 8ED44C462DFC1C4C0035D423 /* Products */;
			projectDirPath = "";
			projectRoot = "";
			targets = (
				8ED44C442DFC1C4C0035D423 /* Yaschool */,
				8ED44C542DFC1C500035D423 /* YaschoolTests */,
				8ED44C5E2DFC1C500035D423 /* YaschoolUITests */,
			);
		};
/* End PBXProject section */

/* Begin PBXResourcesBuildPhase section */
		8ED44C432DFC1C4C0035D423 /* Resources */ = {
			isa = PBXResourcesBuildPhase;
			buildActionMask = 2147483647;
			files = (
				8ED44C502DFC1C4F0035D423 /* Preview Assets.xcassets in Resources */,
				8ED44C4D2DFC1C4F0035D423 /* Assets.xcassets in Resources */,
			);
			runOnlyForDeploymentPostprocessing = 0;
		};
		8ED44C532DFC1C500035D423 /* Resources */ = {
			isa = PBXResourcesBuildPhase;
			buildActionMask = 2147483647;
			files = (
			);
			runOnlyForDeploymentPostprocessing = 0;
		};
		8ED44C5D2DFC1C500035D423 /* Resources */ = {
			isa = PBXResourcesBuildPhase;
			buildActionMask = 2147483647;
			files = (
			);
			runOnlyForDeploymentPostprocessing = 0;
		};
/* End PBXResourcesBuildPhase section */

/* Begin PBXSourcesBuildPhase section */
		8ED44C412DFC1C4C0035D423 /* Sources */ = {
			isa = PBXSourcesBuildPhase;
			buildActionMask = 2147483647;
			files = (
				8ED44C7C2DFC1E0F0035D423 /* Transaction+JSON.swift in Sources */,
				8ED44C822DFC1E210035D423 /* BankAccountsService.swift in Sources */,
				8ED44C892DFC242A0035D423 /* Category+CSV.swift in Sources */,
				8ED44C4B2DFC1C4C0035D423 /* ContentView.swift in Sources */,
				8ED44C762DFC1DFD0035D423 /* BankAccount.swift in Sources */,
				8ED44C832DFC1E210035D423 /* TransactionsService.swift in Sources */,
				8ED44C842DFC1E210035D423 /* CategoriesService.swift in Sources */,
				8ED44C492DFC1C4C0035D423 /* YaschoolApp.swift in Sources */,
				8ED44C772DFC1DFD0035D423 /* Category.swift in Sources */,
				8ED44C8B2DFC30F80035D423 /* Category+JSON.swift in Sources */,
				8ED44C782DFC1DFD0035D423 /* Transaction.swift in Sources */,
				8ED44C872DFC1E2C0035D423 /* TransactionsFileCache.swift in Sources */,
				8ED44C7D2DFC1E0F0035D423 /* Transaction+CSV.swift in Sources */,
			);
			runOnlyForDeploymentPostprocessing = 0;
		};
		8ED44C512DFC1C500035D423 /* Sources */ = {
			isa = PBXSourcesBuildPhase;
			buildActionMask = 2147483647;
			files = (
				8ED44C8D2DFC94650035D423 /* TransactionParsingTests.swift in Sources */,
				8ED44C5A2DFC1C500035D423 /* YaschoolTests.swift in Sources */,
			);
			runOnlyForDeploymentPostprocessing = 0;
		};
		8ED44C5B2DFC1C500035D423 /* Sources */ = {
			isa = PBXSourcesBuildPhase;
			buildActionMask = 2147483647;
			files = (
				8ED44C662DFC1C500035D423 /* YaschoolUITestsLaunchTests.swift in Sources */,
				8ED44C642DFC1C500035D423 /* YaschoolUITests.swift in Sources */,
			);
			runOnlyForDeploymentPostprocessing = 0;
		};
/* End PBXSourcesBuildPhase section */

/* Begin PBXTargetDependency section */
		8ED44C572DFC1C500035D423 /* PBXTargetDependency */ = {
			isa = PBXTargetDependency;
			target = 8ED44C442DFC1C4C0035D423 /* Yaschool */;
			targetProxy = 8ED44C562DFC1C500035D423 /* PBXContainerItemProxy */;
		};
		8ED44C612DFC1C500035D423 /* PBXTargetDependency */ = {
			isa = PBXTargetDependency;
			target = 8ED44C442DFC1C4C0035D423 /* Yaschool */;
			targetProxy = 8ED44C602DFC1C500035D423 /* PBXContainerItemProxy */;
		};
/* End PBXTargetDependency section */

/* Begin XCBuildConfiguration section */
		8ED44C672DFC1C500035D423 /* Debug */ = {
			isa = XCBuildConfiguration;
			buildSettings = {
				ALWAYS_SEARCH_USER_PATHS = NO;
				ASSETCATALOG_COMPILER_GENERATE_SWIFT_ASSET_SYMBOL_EXTENSIONS = YES;
				CLANG_ANALYZER_NONNULL = YES;
				CLANG_ANALYZER_NUMBER_OBJECT_CONVERSION = YES_AGGRESSIVE;
				CLANG_CXX_LANGUAGE_STANDARD = "gnu++20";
				CLANG_ENABLE_MODULES = YES;
				CLANG_ENABLE_OBJC_ARC = YES;
				CLANG_ENABLE_OBJC_WEAK = YES;
				CLANG_WARN_BLOCK_CAPTURE_AUTORELEASING = YES;
				CLANG_WARN_BOOL_CONVERSION = YES;
				CLANG_WARN_COMMA = YES;
				CLANG_WARN_CONSTANT_CONVERSION = YES;
				CLANG_WARN_DEPRECATED_OBJC_IMPLEMENTATIONS = YES;
				CLANG_WARN_DIRECT_OBJC_ISA_USAGE = YES_ERROR;
				CLANG_WARN_DOCUMENTATION_COMMENTS = YES;
				CLANG_WARN_EMPTY_BODY = YES;
				CLANG_WARN_ENUM_CONVERSION = YES;
				CLANG_WARN_INFINITE_RECURSION = YES;
				CLANG_WARN_INT_CONVERSION = YES;
				CLANG_WARN_NON_LITERAL_NULL_CONVERSION = YES;
				CLANG_WARN_OBJC_IMPLICIT_RETAIN_SELF = YES;
				CLANG_WARN_OBJC_LITERAL_CONVERSION = YES;
				CLANG_WARN_OBJC_ROOT_CLASS = YES_ERROR;
				CLANG_WARN_QUOTED_INCLUDE_IN_FRAMEWORK_HEADER = YES;
				CLANG_WARN_RANGE_LOOP_ANALYSIS = YES;
				CLANG_WARN_STRICT_PROTOTYPES = YES;
				CLANG_WARN_SUSPICIOUS_MOVE = YES;
				CLANG_WARN_UNGUARDED_AVAILABILITY = YES_AGGRESSIVE;
				CLANG_WARN_UNREACHABLE_CODE = YES;
				CLANG_WARN__DUPLICATE_METHOD_MATCH = YES;
				COPY_PHASE_STRIP = NO;
				DEBUG_INFORMATION_FORMAT = dwarf;
				ENABLE_STRICT_OBJC_MSGSEND = YES;
				ENABLE_TESTABILITY = YES;
				ENABLE_USER_SCRIPT_SANDBOXING = YES;
				GCC_C_LANGUAGE_STANDARD = gnu17;
				GCC_DYNAMIC_NO_PIC = NO;
				GCC_NO_COMMON_BLOCKS = YES;
				GCC_OPTIMIZATION_LEVEL = 0;
				GCC_PREPROCESSOR_DEFINITIONS = (
					"DEBUG=1",
					"$(inherited)",
				);
				GCC_WARN_64_TO_32_BIT_CONVERSION = YES;
				GCC_WARN_ABOUT_RETURN_TYPE = YES_ERROR;
				GCC_WARN_UNDECLARED_SELECTOR = YES;
				GCC_WARN_UNINITIALIZED_AUTOS = YES_AGGRESSIVE;
				GCC_WARN_UNUSED_FUNCTION = YES;
				GCC_WARN_UNUSED_VARIABLE = YES;
				IPHONEOS_DEPLOYMENT_TARGET = 17.2;
				LOCALIZATION_PREFERS_STRING_CATALOGS = YES;
				MTL_ENABLE_DEBUG_INFO = INCLUDE_SOURCE;
				MTL_FAST_MATH = YES;
				ONLY_ACTIVE_ARCH = YES;
				SDKROOT = iphoneos;
				SWIFT_ACTIVE_COMPILATION_CONDITIONS = "DEBUG $(inherited)";
				SWIFT_OPTIMIZATION_LEVEL = "-Onone";
			};
			name = Debug;
		};
		8ED44C682DFC1C500035D423 /* Release */ = {
			isa = XCBuildConfiguration;
			buildSettings = {
				ALWAYS_SEARCH_USER_PATHS = NO;
				ASSETCATALOG_COMPILER_GENERATE_SWIFT_ASSET_SYMBOL_EXTENSIONS = YES;
				CLANG_ANALYZER_NONNULL = YES;
				CLANG_ANALYZER_NUMBER_OBJECT_CONVERSION = YES_AGGRESSIVE;
				CLANG_CXX_LANGUAGE_STANDARD = "gnu++20";
				CLANG_ENABLE_MODULES = YES;
				CLANG_ENABLE_OBJC_ARC = YES;
				CLANG_ENABLE_OBJC_WEAK = YES;
				CLANG_WARN_BLOCK_CAPTURE_AUTORELEASING = YES;
				CLANG_WARN_BOOL_CONVERSION = YES;
				CLANG_WARN_COMMA = YES;
				CLANG_WARN_CONSTANT_CONVERSION = YES;
				CLANG_WARN_DEPRECATED_OBJC_IMPLEMENTATIONS = YES;
				CLANG_WARN_DIRECT_OBJC_ISA_USAGE = YES_ERROR;
				CLANG_WARN_DOCUMENTATION_COMMENTS = YES;
				CLANG_WARN_EMPTY_BODY = YES;
				CLANG_WARN_ENUM_CONVERSION = YES;
				CLANG_WARN_INFINITE_RECURSION = YES;
				CLANG_WARN_INT_CONVERSION = YES;
				CLANG_WARN_NON_LITERAL_NULL_CONVERSION = YES;
				CLANG_WARN_OBJC_IMPLICIT_RETAIN_SELF = YES;
				CLANG_WARN_OBJC_LITERAL_CONVERSION = YES;
				CLANG_WARN_OBJC_ROOT_CLASS = YES_ERROR;
				CLANG_WARN_QUOTED_INCLUDE_IN_FRAMEWORK_HEADER = YES;
				CLANG_WARN_RANGE_LOOP_ANALYSIS = YES;
				CLANG_WARN_STRICT_PROTOTYPES = YES;
				CLANG_WARN_SUSPICIOUS_MOVE = YES;
				CLANG_WARN_UNGUARDED_AVAILABILITY = YES_AGGRESSIVE;
				CLANG_WARN_UNREACHABLE_CODE = YES;
				CLANG_WARN__DUPLICATE_METHOD_MATCH = YES;
				COPY_PHASE_STRIP = NO;
				DEBUG_INFORMATION_FORMAT = "dwarf-with-dsym";
				ENABLE_NS_ASSERTIONS = NO;
				ENABLE_STRICT_OBJC_MSGSEND = YES;
				ENABLE_USER_SCRIPT_SANDBOXING = YES;
				GCC_C_LANGUAGE_STANDARD = gnu17;
				GCC_NO_COMMON_BLOCKS = YES;
				GCC_WARN_64_TO_32_BIT_CONVERSION = YES;
				GCC_WARN_ABOUT_RETURN_TYPE = YES_ERROR;
				GCC_WARN_UNDECLARED_SELECTOR = YES;
				GCC_WARN_UNINITIALIZED_AUTOS = YES_AGGRESSIVE;
				GCC_WARN_UNUSED_FUNCTION = YES;
				GCC_WARN_UNUSED_VARIABLE = YES;
				IPHONEOS_DEPLOYMENT_TARGET = 17.2;
				LOCALIZATION_PREFERS_STRING_CATALOGS = YES;
				MTL_ENABLE_DEBUG_INFO = NO;
				MTL_FAST_MATH = YES;
				SDKROOT = iphoneos;
				SWIFT_COMPILATION_MODE = wholemodule;
				VALIDATE_PRODUCT = YES;
			};
			name = Release;
		};
		8ED44C6A2DFC1C500035D423 /* Debug */ = {
			isa = XCBuildConfiguration;
			buildSettings = {
				ASSETCATALOG_COMPILER_APPICON_NAME = AppIcon;
				ASSETCATALOG_COMPILER_GLOBAL_ACCENT_COLOR_NAME = AccentColor;
				CODE_SIGN_STYLE = Automatic;
				CURRENT_PROJECT_VERSION = 1;
				DEVELOPMENT_ASSET_PATHS = "\"Yaschool/Preview Content\"";
				DEVELOPMENT_TEAM = A535SR8PFJ;
				ENABLE_PREVIEWS = YES;
				GENERATE_INFOPLIST_FILE = YES;
				INFOPLIST_KEY_UIApplicationSceneManifest_Generation = YES;
				INFOPLIST_KEY_UIApplicationSupportsIndirectInputEvents = YES;
				INFOPLIST_KEY_UILaunchScreen_Generation = YES;
				INFOPLIST_KEY_UISupportedInterfaceOrientations_iPad = "UIInterfaceOrientationPortrait UIInterfaceOrientationPortraitUpsideDown UIInterfaceOrientationLandscapeLeft UIInterfaceOrientationLandscapeRight";
				INFOPLIST_KEY_UISupportedInterfaceOrientations_iPhone = "UIInterfaceOrientationPortrait UIInterfaceOrientationLandscapeLeft UIInterfaceOrientationLandscapeRight";
				LD_RUNPATH_SEARCH_PATHS = (
					"$(inherited)",
					"@executable_path/Frameworks",
				);
				MARKETING_VERSION = 1.0;
				PRODUCT_BUNDLE_IDENTIFIER = dev.blazer.Yaschool;
				PRODUCT_NAME = "$(TARGET_NAME)";
				SWIFT_EMIT_LOC_STRINGS = YES;
				SWIFT_VERSION = 5.0;
				TARGETED_DEVICE_FAMILY = "1,2";
			};
			name = Debug;
		};
		8ED44C6B2DFC1C500035D423 /* Release */ = {
			isa = XCBuildConfiguration;
			buildSettings = {
				ASSETCATALOG_COMPILER_APPICON_NAME = AppIcon;
				ASSETCATALOG_COMPILER_GLOBAL_ACCENT_COLOR_NAME = AccentColor;
				CODE_SIGN_STYLE = Automatic;
				CURRENT_PROJECT_VERSION = 1;
				DEVELOPMENT_ASSET_PATHS = "\"Yaschool/Preview Content\"";
				DEVELOPMENT_TEAM = A535SR8PFJ;
				ENABLE_PREVIEWS = YES;
				GENERATE_INFOPLIST_FILE = YES;
				INFOPLIST_KEY_UIApplicationSceneManifest_Generation = YES;
				INFOPLIST_KEY_UIApplicationSupportsIndirectInputEvents = YES;
				INFOPLIST_KEY_UILaunchScreen_Generation = YES;
				INFOPLIST_KEY_UISupportedInterfaceOrientations_iPad = "UIInterfaceOrientationPortrait UIInterfaceOrientationPortraitUpsideDown UIInterfaceOrientationLandscapeLeft UIInterfaceOrientationLandscapeRight";
				INFOPLIST_KEY_UISupportedInterfaceOrientations_iPhone = "UIInterfaceOrientationPortrait UIInterfaceOrientationLandscapeLeft UIInterfaceOrientationLandscapeRight";
				LD_RUNPATH_SEARCH_PATHS = (
					"$(inherited)",
					"@executable_path/Frameworks",
				);
				MARKETING_VERSION = 1.0;
				PRODUCT_BUNDLE_IDENTIFIER = dev.blazer.Yaschool;
				PRODUCT_NAME = "$(TARGET_NAME)";
				SWIFT_EMIT_LOC_STRINGS = YES;
				SWIFT_VERSION = 5.0;
				TARGETED_DEVICE_FAMILY = "1,2";
			};
			name = Release;
		};
		8ED44C6D2DFC1C500035D423 /* Debug */ = {
			isa = XCBuildConfiguration;
			buildSettings = {
				ALWAYS_EMBED_SWIFT_STANDARD_LIBRARIES = YES;
				BUNDLE_LOADER = "$(TEST_HOST)";
				CODE_SIGN_STYLE = Automatic;
				CURRENT_PROJECT_VERSION = 1;
				DEVELOPMENT_TEAM = A535SR8PFJ;
				GENERATE_INFOPLIST_FILE = YES;
				IPHONEOS_DEPLOYMENT_TARGET = 17.2;
				MARKETING_VERSION = 1.0;
				PRODUCT_BUNDLE_IDENTIFIER = dev.blazer.YaschoolTests;
				PRODUCT_NAME = "$(TARGET_NAME)";
				SWIFT_EMIT_LOC_STRINGS = NO;
				SWIFT_VERSION = 5.0;
				TARGETED_DEVICE_FAMILY = "1,2";
				TEST_HOST = "$(BUILT_PRODUCTS_DIR)/Yaschool.app/$(BUNDLE_EXECUTABLE_FOLDER_PATH)/Yaschool";
			};
			name = Debug;
		};
		8ED44C6E2DFC1C500035D423 /* Release */ = {
			isa = XCBuildConfiguration;
			buildSettings = {
				ALWAYS_EMBED_SWIFT_STANDARD_LIBRARIES = YES;
				BUNDLE_LOADER = "$(TEST_HOST)";
				CODE_SIGN_STYLE = Automatic;
				CURRENT_PROJECT_VERSION = 1;
				DEVELOPMENT_TEAM = A535SR8PFJ;
				GENERATE_INFOPLIST_FILE = YES;
				IPHONEOS_DEPLOYMENT_TARGET = 17.2;
				MARKETING_VERSION = 1.0;
				PRODUCT_BUNDLE_IDENTIFIER = dev.blazer.YaschoolTests;
				PRODUCT_NAME = "$(TARGET_NAME)";
				SWIFT_EMIT_LOC_STRINGS = NO;
				SWIFT_VERSION = 5.0;
				TARGETED_DEVICE_FAMILY = "1,2";
				TEST_HOST = "$(BUILT_PRODUCTS_DIR)/Yaschool.app/$(BUNDLE_EXECUTABLE_FOLDER_PATH)/Yaschool";
			};
			name = Release;
		};
		8ED44C702DFC1C500035D423 /* Debug */ = {
			isa = XCBuildConfiguration;
			buildSettings = {
				ALWAYS_EMBED_SWIFT_STANDARD_LIBRARIES = YES;
				CODE_SIGN_STYLE = Automatic;
				CURRENT_PROJECT_VERSION = 1;
				DEVELOPMENT_TEAM = A535SR8PFJ;
				GENERATE_INFOPLIST_FILE = YES;
				MARKETING_VERSION = 1.0;
				PRODUCT_BUNDLE_IDENTIFIER = dev.blazer.YaschoolUITests;
				PRODUCT_NAME = "$(TARGET_NAME)";
				SWIFT_EMIT_LOC_STRINGS = NO;
				SWIFT_VERSION = 5.0;
				TARGETED_DEVICE_FAMILY = "1,2";
				TEST_TARGET_NAME = Yaschool;
			};
			name = Debug;
		};
		8ED44C712DFC1C500035D423 /* Release */ = {
			isa = XCBuildConfiguration;
			buildSettings = {
				ALWAYS_EMBED_SWIFT_STANDARD_LIBRARIES = YES;
				CODE_SIGN_STYLE = Automatic;
				CURRENT_PROJECT_VERSION = 1;
				DEVELOPMENT_TEAM = A535SR8PFJ;
				GENERATE_INFOPLIST_FILE = YES;
				MARKETING_VERSION = 1.0;
				PRODUCT_BUNDLE_IDENTIFIER = dev.blazer.YaschoolUITests;
				PRODUCT_NAME = "$(TARGET_NAME)";
				SWIFT_EMIT_LOC_STRINGS = NO;
				SWIFT_VERSION = 5.0;
				TARGETED_DEVICE_FAMILY = "1,2";
				TEST_TARGET_NAME = Yaschool;
			};
			name = Release;
		};
/* End XCBuildConfiguration section */

/* Begin XCConfigurationList section */
		8ED44C402DFC1C4C0035D423 /* Build configuration list for PBXProject "Yaschool" */ = {
			isa = XCConfigurationList;
			buildConfigurations = (
				8ED44C672DFC1C500035D423 /* Debug */,
				8ED44C682DFC1C500035D423 /* Release */,
			);
			defaultConfigurationIsVisible = 0;
			defaultConfigurationName = Release;
		};
		8ED44C692DFC1C500035D423 /* Build configuration list for PBXNativeTarget "Yaschool" */ = {
			isa = XCConfigurationList;
			buildConfigurations = (
				8ED44C6A2DFC1C500035D423 /* Debug */,
				8ED44C6B2DFC1C500035D423 /* Release */,
			);
			defaultConfigurationIsVisible = 0;
			defaultConfigurationName = Release;
		};
		8ED44C6C2DFC1C500035D423 /* Build configuration list for PBXNativeTarget "YaschoolTests" */ = {
			isa = XCConfigurationList;
			buildConfigurations = (
				8ED44C6D2DFC1C500035D423 /* Debug */,
				8ED44C6E2DFC1C500035D423 /* Release */,
			);
			defaultConfigurationIsVisible = 0;
			defaultConfigurationName = Release;
		};
		8ED44C6F2DFC1C500035D423 /* Build configuration list for PBXNativeTarget "YaschoolUITests" */ = {
			isa = XCConfigurationList;
			buildConfigurations = (
				8ED44C702DFC1C500035D423 /* Debug */,
				8ED44C712DFC1C500035D423 /* Release */,
			);
			defaultConfigurationIsVisible = 0;
			defaultConfigurationName = Release;
		};
/* End XCConfigurationList section */
	};
	rootObject = 8ED44C3D2DFC1C4C0035D423 /* Project object */;
}
